
Microsoft Visual Studio Solution File, Format Version 12.00
# Visual Studio 2013
VisualStudioVersion = 12.0.21005.1
MinimumVisualStudioVersion = 10.0.40219.1
Project("{FAE04EC0-301F-11D3-BF4B-00C04F79EFBC}") = "WireTestingProject", "WireTestingProject\WireTestingProject.csproj", "{C10D88FF-21E0-4A24-A005-66B24BD8D6B7}"
EndProject
Project("{FAE04EC0-301F-11D3-BF4B-00C04F79EFBC}") = "WireLibrary", "WireLibrary\WireLibrary.csproj", "{52B5D657-33B1-43DC-B404-23A3CA9C4593}"
EndProject
Global
	GlobalSection(SolutionConfigurationPlatforms) = preSolution
		Debug|Any CPU = Debug|Any CPU
		Release|Any CPU = Release|Any CPU
	EndGlobalSection
	GlobalSection(ProjectConfigurationPlatforms) = postSolution
		{C10D88FF-21E0-4A24-A005-66B24BD8D6B7}.Debug|Any CPU.ActiveCfg = Debug|Any CPU
		{C10D88FF-21E0-4A24-A005-66B24BD8D6B7}.Debug|Any CPU.Build.0 = Debug|Any CPU
		{C10D88FF-21E0-4A24-A005-66B24BD8D6B7}.Release|Any CPU.ActiveCfg = Release|Any CPU
		{C10D88FF-21E0-4A24-A005-66B24BD8D6B7}.Release|Any CPU.Build.0 = Release|Any CPU
		{52B5D657-33B1-43DC-B404-23A3CA9C4593}.Debug|Any CPU.ActiveCfg = Debug|Any CPU
		{52B5D657-33B1-43DC-B404-23A3CA9C4593}.Debug|Any CPU.Build.0 = Debug|Any CPU
		{52B5D657-33B1-43DC-B404-23A3CA9C4593}.Release|Any CPU.ActiveCfg = Release|Any CPU
		{52B5D657-33B1-43DC-B404-23A3CA9C4593}.Release|Any CPU.Build.0 = Release|Any CPU
	EndGlobalSection
	GlobalSection(SolutionProperties) = preSolution
		HideSolutionNode = FALSE
	EndGlobalSection
EndGlobal
